<?xml version="1.0" encoding="utf-8"?>
<Project ToolsVersion="4.0" xmlns="http://schemas.microsoft.com/developer/msbuild/2003">
  <ItemGroup>
    <Filter Include="src">
      <UniqueIdentifier>{f6f9e97b-aa42-464f-bf87-6c804163b168}</UniqueIdentifier>
    </Filter>
    <Filter Include="src\Util">
      <UniqueIdentifier>{dffb83f7-0e86-4080-9c95-7a031f76defe}</UniqueIdentifier>
    </Filter>
    <Filter Include="shader">
      <UniqueIdentifier>{2ee7bca9-521b-4fb4-a34b-97596e92dd2c}</UniqueIdentifier>
    </Filter>
    <Filter Include="src\CompiledShader">
      <UniqueIdentifier>{f7f25425-50f3-4755-a8b3-60aaa3e98640}</UniqueIdentifier>
    </Filter>
  </ItemGroup>
  <ItemGroup>
    <ClCompile Include="src\DxDevice.cpp">
      <Filter>src</Filter>
    </ClCompile>
    <ClCompile Include="src\main.cpp">
      <Filter>src</Filter>
    </ClCompile>
    <ClCompile Include="src\MinDxrCore.cpp">
      <Filter>src</Filter>
    </ClCompile>
    <ClCompile Include="src\RtDeviceFallbackLayer.cpp">
      <Filter>src</Filter>
    </ClCompile>
    <ClCompile Include="src\Util\HelperFunctions.cpp">
      <Filter>src\Util</Filter>
    </ClCompile>
    <ClCompile Include="src\DescriptorHeap.cpp">
      <Filter>src</Filter>
    </ClCompile>
    <ClCompile Include="src\ShaderTable.cpp">
      <Filter>src</Filter>
    </ClCompile>
    <ClCompile Include="src\Object.cpp">
      <Filter>src</Filter>
    </ClCompile>
    <ClCompile Include="src\Scene.cpp">
      <Filter>src</Filter>
    </ClCompile>
    <ClCompile Include="src\Image.cpp">
      <Filter>src</Filter>
    </ClCompile>
  </ItemGroup>
  <ItemGroup>
    <ClInclude Include="src\DxDevice.h">
      <Filter>src</Filter>
    </ClInclude>
    <ClInclude Include="src\IRtDevice.h">
      <Filter>src</Filter>
    </ClInclude>
    <ClInclude Include="src\MinDxrCore.h">
      <Filter>src</Filter>
    </ClInclude>
    <ClInclude Include="src\RtDeviceFallbackLayer.h">
      <Filter>src</Filter>
    </ClInclude>
    <ClInclude Include="src\Util\HandleHolder.h">
      <Filter>src\Util</Filter>
    </ClInclude>
    <ClInclude Include="src\Util\HelperFunctions.h">
      <Filter>src\Util</Filter>
    </ClInclude>
    <ClInclude Include="src\CompiledShader\Raytracing.h">
      <Filter>src\CompiledShader</Filter>
    </ClInclude>
    <ClInclude Include="src\DescriptorHeap.h">
      <Filter>src</Filter>
    </ClInclude>
    <ClInclude Include="src\ShaderTable.h">
      <Filter>src</Filter>
    </ClInclude>
    <ClInclude Include="src\Object.h">
      <Filter>src</Filter>
    </ClInclude>
    <ClInclude Include="src\Scene.h">
      <Filter>src</Filter>
    </ClInclude>
    <ClInclude Include="src\Image.h">
      <Filter>src</Filter>
    </ClInclude>
  </ItemGroup>
  <ItemGroup>
    <CustomBuild Include="shader\Raytracing.hlsl">
      <Filter>shader</Filter>
    </CustomBuild>
  </ItemGroup>
</Project>